
Microsoft Visual Studio Solution File, Format Version 12.00
# Visual Studio Version 16
VisualStudioVersion = 16.0.32901.82
MinimumVisualStudioVersion = 10.0.40219.1
Project("{FAE04EC0-301F-11D3-BF4B-00C04F79EFBC}") = "Szerver", "Szerver\Szerver.csproj", "{3D763FF5-8713-454D-B762-A63749FB4A7A}"
EndProject
Global
	GlobalSection(SolutionConfigurationPlatforms) = preSolution
		Debug|Any CPU = Debug|Any CPU
		Release|Any CPU = Release|Any CPU
	EndGlobalSection
	GlobalSection(ProjectConfigurationPlatforms) = postSolution
		{3D763FF5-8713-454D-B762-A63749FB4A7A}.Debug|Any CPU.ActiveCfg = Debug|Any CPU
		{3D763FF5-8713-454D-B762-A63749FB4A7A}.Debug|Any CPU.Build.0 = Debug|Any CPU
		{3D763FF5-8713-454D-B762-A63749FB4A7A}.Release|Any CPU.ActiveCfg = Release|Any CPU
		{3D763FF5-8713-454D-B762-A63749FB4A7A}.Release|Any CPU.Build.0 = Release|Any CPU
	EndGlobalSection
	GlobalSection(SolutionProperties) = preSolution
		HideSolutionNode = FALSE
	EndGlobalSection
	GlobalSection(ExtensibilityGlobals) = postSolution
		SolutionGuid = {F83D4142-324F-4A29-B6D0-432B1A509599}
	EndGlobalSection
EndGlobal
